schema: '2.0'
stages:
  train_model:
    cmd: python src/train.py
    deps:
    - path: data/stocks_df.csv
      hash: md5
      md5: b07ed17a774396c5319fa5f701aaa78a
      size: 395768320
    - path: src/train.py
      hash: md5
      md5: c32f843bf96e9acb60e8301db7170d77
      size: 6528
    outs:
    - path: model.pkl
      hash: md5
      md5: cc0542d149175e2601dc5393386619e7
      size: 652
