schema: '2.0'
stages:
  train_model:
    cmd: python src/train.py
    deps:
    - path: data/stocks_df.csv
      hash: md5
      md5: 75bc7d18328a47885cd9c7cde0b29cf6
      size: 228772099
    - path: src/train.py
      hash: md5
      md5: b54492b18d88494c1a4b0a93f0fd3a02
      size: 6554
    outs:
    - path: model.pkl
      hash: md5
      md5: e452959c1f2b1483cbe8ad5d7eb21867
      size: 588
